
Microsoft Visual Studio Solution File, Format Version 12.00
# Visual Studio Version 17
VisualStudioVersion = 17.10.35027.167
MinimumVisualStudioVersion = 10.0.40219.1
Project("{9A19103F-16F7-4668-BE54-9A1E7A4F7556}") = "lab2", "ConsoleApp1\lab2.csproj", "{0FE1C2B3-E00C-4521-BE61-040334BA5F64}"
EndProject
Global
	GlobalSection(SolutionConfigurationPlatforms) = preSolution
		Debug|Any CPU = Debug|Any CPU
		Release|Any CPU = Release|Any CPU
	EndGlobalSection
	GlobalSection(ProjectConfigurationPlatforms) = postSolution
		{0FE1C2B3-E00C-4521-BE61-040334BA5F64}.Debug|Any CPU.ActiveCfg = Debug|Any CPU
		{0FE1C2B3-E00C-4521-BE61-040334BA5F64}.Debug|Any CPU.Build.0 = Debug|Any CPU
		{0FE1C2B3-E00C-4521-BE61-040334BA5F64}.Release|Any CPU.ActiveCfg = Release|Any CPU
		{0FE1C2B3-E00C-4521-BE61-040334BA5F64}.Release|Any CPU.Build.0 = Release|Any CPU
	EndGlobalSection
	GlobalSection(SolutionProperties) = preSolution
		HideSolutionNode = FALSE
	EndGlobalSection
	GlobalSection(ExtensibilityGlobals) = postSolution
		SolutionGuid = {F8EAAD84-1FEA-44E4-BA6C-547F38501F4E}
	EndGlobalSection
EndGlobal
